// !$*UTF8*$!
{
	archiveVersion = 1;
	classes = {
	};
	objectVersion = 56;
	objects = {

/* Begin PBXBuildFile section */
		06AECA6E01A398B25D1B0CF6 /* Pods_task_manager.framework in Frameworks */ = {isa = PBXBuildFile; fileRef = 8AC1748B0CC87E34AD31F772 /* Pods_task_manager.framework */; };
		604A3972294A1165009F5175 /* AppDelegate.swift in Sources */ = {isa = PBXBuildFile; fileRef = 604A3971294A1165009F5175 /* AppDelegate.swift */; };
		604A3974294A1165009F5175 /* SceneDelegate.swift in Sources */ = {isa = PBXBuildFile; fileRef = 604A3973294A1165009F5175 /* SceneDelegate.swift */; };
		604A3976294A1165009F5175 /* ViewController.swift in Sources */ = {isa = PBXBuildFile; fileRef = 604A3975294A1165009F5175 /* ViewController.swift */; };
		604A3979294A1165009F5175 /* Main.storyboard in Resources */ = {isa = PBXBuildFile; fileRef = 604A3977294A1165009F5175 /* Main.storyboard */; };
		604A397B294A1165009F5175 /* Assets.xcassets in Resources */ = {isa = PBXBuildFile; fileRef = 604A397A294A1165009F5175 /* Assets.xcassets */; };
		604A397E294A1165009F5175 /* LaunchScreen.storyboard in Resources */ = {isa = PBXBuildFile; fileRef = 604A397C294A1165009F5175 /* LaunchScreen.storyboard */; };
		604A3989294A14F2009F5175 /* Dynamic.swift in Sources */ = {isa = PBXBuildFile; fileRef = 604A3988294A14F2009F5175 /* Dynamic.swift */; };
		60BB326E294A1B1D00D7F597 /* TaskModel.swift in Sources */ = {isa = PBXBuildFile; fileRef = 60BB326D294A1B1D00D7F597 /* TaskModel.swift */; };
/* End PBXBuildFile section */

/* Begin PBXFileReference section */
		604A396E294A1165009F5175 /* task-manager.app */ = {isa = PBXFileReference; explicitFileType = wrapper.application; includeInIndex = 0; path = "task-manager.app"; sourceTree = BUILT_PRODUCTS_DIR; };
		604A3971294A1165009F5175 /* AppDelegate.swift */ = {isa = PBXFileReference; lastKnownFileType = sourcecode.swift; path = AppDelegate.swift; sourceTree = "<group>"; };
		604A3973294A1165009F5175 /* SceneDelegate.swift */ = {isa = PBXFileReference; lastKnownFileType = sourcecode.swift; path = SceneDelegate.swift; sourceTree = "<group>"; };
		604A3975294A1165009F5175 /* ViewController.swift */ = {isa = PBXFileReference; lastKnownFileType = sourcecode.swift; path = ViewController.swift; sourceTree = "<group>"; };
		604A3978294A1165009F5175 /* Base */ = {isa = PBXFileReference; lastKnownFileType = file.storyboard; name = Base; path = Base.lproj/Main.storyboard; sourceTree = "<group>"; };
		604A397A294A1165009F5175 /* Assets.xcassets */ = {isa = PBXFileReference; lastKnownFileType = folder.assetcatalog; path = Assets.xcassets; sourceTree = "<group>"; };
		604A397D294A1165009F5175 /* Base */ = {isa = PBXFileReference; lastKnownFileType = file.storyboard; name = Base; path = Base.lproj/LaunchScreen.storyboard; sourceTree = "<group>"; };
		604A397F294A1165009F5175 /* Info.plist */ = {isa = PBXFileReference; lastKnownFileType = text.plist.xml; path = Info.plist; sourceTree = "<group>"; };
		604A3988294A14F2009F5175 /* Dynamic.swift */ = {isa = PBXFileReference; lastKnownFileType = sourcecode.swift; path = Dynamic.swift; sourceTree = "<group>"; };
		60BB326D294A1B1D00D7F597 /* TaskModel.swift */ = {isa = PBXFileReference; lastKnownFileType = sourcecode.swift; path = TaskModel.swift; sourceTree = "<group>"; };
		8AC1748B0CC87E34AD31F772 /* Pods_task_manager.framework */ = {isa = PBXFileReference; explicitFileType = wrapper.framework; includeInIndex = 0; path = Pods_task_manager.framework; sourceTree = BUILT_PRODUCTS_DIR; };
		AEC5E75543C3B2897DABA01B /* Pods-task-manager.debug.xcconfig */ = {isa = PBXFileReference; includeInIndex = 1; lastKnownFileType = text.xcconfig; name = "Pods-task-manager.debug.xcconfig"; path = "Target Support Files/Pods-task-manager/Pods-task-manager.debug.xcconfig"; sourceTree = "<group>"; };
		C22BE1AAB3E4C89E3E4108CD /* Pods-task-manager.release.xcconfig */ = {isa = PBXFileReference; includeInIndex = 1; lastKnownFileType = text.xcconfig; name = "Pods-task-manager.release.xcconfig"; path = "Target Support Files/Pods-task-manager/Pods-task-manager.release.xcconfig"; sourceTree = "<group>"; };
/* End PBXFileReference section */

/* Begin PBXFrameworksBuildPhase section */
		604A396B294A1165009F5175 /* Frameworks */ = {
			isa = PBXFrameworksBuildPhase;
			buildActionMask = 2147483647;
			files = (
				06AECA6E01A398B25D1B0CF6 /* Pods_task_manager.framework in Frameworks */,
			);
			runOnlyForDeploymentPostprocessing = 0;
		};
/* End PBXFrameworksBuildPhase section */

/* Begin PBXGroup section */
		604A3965294A1165009F5175 = {
			isa = PBXGroup;
			children = (
				604A3970294A1165009F5175 /* task-manager */,
				604A396F294A1165009F5175 /* Products */,
				CE954BE38EC5637000BECDA6 /* Pods */,
				A34D373F71D6726D3C4F35A5 /* Frameworks */,
			);
			sourceTree = "<group>";
		};
		604A396F294A1165009F5175 /* Products */ = {
			isa = PBXGroup;
			children = (
				604A396E294A1165009F5175 /* task-manager.app */,
			);
			name = Products;
			sourceTree = "<group>";
		};
		604A3970294A1165009F5175 /* task-manager */ = {
			isa = PBXGroup;
			children = (
				604A3987294A14E5009F5175 /* ViewModel */,
				604A3986294A14E2009F5175 /* Model */,
				604A3985294A14DE009F5175 /* View */,
				604A3971294A1165009F5175 /* AppDelegate.swift */,
				604A3973294A1165009F5175 /* SceneDelegate.swift */,
				604A3977294A1165009F5175 /* Main.storyboard */,
				604A397A294A1165009F5175 /* Assets.xcassets */,
				604A397C294A1165009F5175 /* LaunchScreen.storyboard */,
				604A397F294A1165009F5175 /* Info.plist */,
			);
			path = "task-manager";
			sourceTree = "<group>";
		};
		604A3985294A14DE009F5175 /* View */ = {
			isa = PBXGroup;
			children = (
				604A3975294A1165009F5175 /* ViewController.swift */,
			);
			path = View;
			sourceTree = "<group>";
		};
		604A3986294A14E2009F5175 /* Model */ = {
			isa = PBXGroup;
			children = (
				60BB326D294A1B1D00D7F597 /* TaskModel.swift */,
			);
			path = Model;
			sourceTree = "<group>";
		};
		604A3987294A14E5009F5175 /* ViewModel */ = {
			isa = PBXGroup;
			children = (
				604A3988294A14F2009F5175 /* Dynamic.swift */,
			);
			path = ViewModel;
			sourceTree = "<group>";
		};
		A34D373F71D6726D3C4F35A5 /* Frameworks */ = {
			isa = PBXGroup;
			children = (
				8AC1748B0CC87E34AD31F772 /* Pods_task_manager.framework */,
			);
			name = Frameworks;
			sourceTree = "<group>";
		};
		CE954BE38EC5637000BECDA6 /* Pods */ = {
			isa = PBXGroup;
			children = (
				AEC5E75543C3B2897DABA01B /* Pods-task-manager.debug.xcconfig */,
				C22BE1AAB3E4C89E3E4108CD /* Pods-task-manager.release.xcconfig */,
			);
			path = Pods;
			sourceTree = "<group>";
		};
/* End PBXGroup section */

/* Begin PBXNativeTarget section */
		604A396D294A1165009F5175 /* task-manager */ = {
			isa = PBXNativeTarget;
			buildConfigurationList = 604A3982294A1165009F5175 /* Build configuration list for PBXNativeTarget "task-manager" */;
			buildPhases = (
				D7F2D0306D1E16F9DF436778 /* [CP] Check Pods Manifest.lock */,
				604A396A294A1165009F5175 /* Sources */,
				604A396B294A1165009F5175 /* Frameworks */,
				604A396C294A1165009F5175 /* Resources */,
				5AB8739C645954195B11CB08 /* [CP] Embed Pods Frameworks */,
			);
			buildRules = (
			);
			dependencies = (
			);
			name = "task-manager";
			productName = "task-manager";
			productReference = 604A396E294A1165009F5175 /* task-manager.app */;
			productType = "com.apple.product-type.application";
		};
/* End PBXNativeTarget section */

/* Begin PBXProject section */
		604A3966294A1165009F5175 /* Project object */ = {
			isa = PBXProject;
			attributes = {
				BuildIndependentTargetsInParallel = 1;
				LastSwiftUpdateCheck = 1400;
				LastUpgradeCheck = 1400;
				TargetAttributes = {
					604A396D294A1165009F5175 = {
						CreatedOnToolsVersion = 14.0;
					};
				};
			};
			buildConfigurationList = 604A3969294A1165009F5175 /* Build configuration list for PBXProject "task-manager" */;
			compatibilityVersion = "Xcode 14.0";
			developmentRegion = en;
			hasScannedForEncodings = 0;
			knownRegions = (
				en,
				Base,
			);
			mainGroup = 604A3965294A1165009F5175;
			productRefGroup = 604A396F294A1165009F5175 /* Products */;
			projectDirPath = "";
			projectRoot = "";
			targets = (
				604A396D294A1165009F5175 /* task-manager */,
			);
		};
/* End PBXProject section */

/* Begin PBXResourcesBuildPhase section */
		604A396C294A1165009F5175 /* Resources */ = {
			isa = PBXResourcesBuildPhase;
			buildActionMask = 2147483647;
			files = (
				604A397E294A1165009F5175 /* LaunchScreen.storyboard in Resources */,
				604A397B294A1165009F5175 /* Assets.xcassets in Resources */,
				604A3979294A1165009F5175 /* Main.storyboard in Resources */,
			);
			runOnlyForDeploymentPostprocessing = 0;
		};
/* End PBXResourcesBuildPhase section */

/* Begin PBXShellScriptBuildPhase section */
		5AB8739C645954195B11CB08 /* [CP] Embed Pods Frameworks */ = {
			isa = PBXShellScriptBuildPhase;
			buildActionMask = 2147483647;
			files = (
			);
			inputFileListPaths = (
				"${PODS_ROOT}/Target Support Files/Pods-task-manager/Pods-task-manager-frameworks-${CONFIGURATION}-input-files.xcfilelist",
			);
			name = "[CP] Embed Pods Frameworks";
			outputFileListPaths = (
				"${PODS_ROOT}/Target Support Files/Pods-task-manager/Pods-task-manager-frameworks-${CONFIGURATION}-output-files.xcfilelist",
			);
			runOnlyForDeploymentPostprocessing = 0;
			shellPath = /bin/sh;
			shellScript = "\"${PODS_ROOT}/Target Support Files/Pods-task-manager/Pods-task-manager-frameworks.sh\"\n";
			showEnvVarsInLog = 0;
		};
		D7F2D0306D1E16F9DF436778 /* [CP] Check Pods Manifest.lock */ = {
			isa = PBXShellScriptBuildPhase;
			buildActionMask = 2147483647;
			files = (
			);
			inputFileListPaths = (
			);
			inputPaths = (
				"${PODS_PODFILE_DIR_PATH}/Podfile.lock",
				"${PODS_ROOT}/Manifest.lock",
			);
			name = "[CP] Check Pods Manifest.lock";
			outputFileListPaths = (
			);
			outputPaths = (
				"$(DERIVED_FILE_DIR)/Pods-task-manager-checkManifestLockResult.txt",
			);
			runOnlyForDeploymentPostprocessing = 0;
			shellPath = /bin/sh;
			shellScript = "diff \"${PODS_PODFILE_DIR_PATH}/Podfile.lock\" \"${PODS_ROOT}/Manifest.lock\" > /dev/null\nif [ $? != 0 ] ; then\n    # print error to STDERR\n    echo \"error: The sandbox is not in sync with the Podfile.lock. Run 'pod install' or update your CocoaPods installation.\" >&2\n    exit 1\nfi\n# This output is used by Xcode 'outputs' to avoid re-running this script phase.\necho \"SUCCESS\" > \"${SCRIPT_OUTPUT_FILE_0}\"\n";
			showEnvVarsInLog = 0;
		};
/* End PBXShellScriptBuildPhase section */

/* Begin PBXSourcesBuildPhase section */
		604A396A294A1165009F5175 /* Sources */ = {
			isa = PBXSourcesBuildPhase;
			buildActionMask = 2147483647;
			files = (
				604A3976294A1165009F5175 /* ViewController.swift in Sources */,
				604A3989294A14F2009F5175 /* Dynamic.swift in Sources */,
				60BB326E294A1B1D00D7F597 /* TaskModel.swift in Sources */,
				604A3972294A1165009F5175 /* AppDelegate.swift in Sources */,
				604A3974294A1165009F5175 /* SceneDelegate.swift in Sources */,
			);
			runOnlyForDeploymentPostprocessing = 0;
		};
/* End PBXSourcesBuildPhase section */

/* Begin PBXVariantGroup section */
		604A3977294A1165009F5175 /* Main.storyboard */ = {
			isa = PBXVariantGroup;
			children = (
				604A3978294A1165009F5175 /* Base */,
			);
			name = Main.storyboard;
			sourceTree = "<group>";
		};
		604A397C294A1165009F5175 /* LaunchScreen.storyboard */ = {
			isa = PBXVariantGroup;
			children = (
				604A397D294A1165009F5175 /* Base */,
			);
			name = LaunchScreen.storyboard;
			sourceTree = "<group>";
		};
/* End PBXVariantGroup section */

/* Begin XCBuildConfiguration section */
		604A3980294A1165009F5175 /* Debug */ = {
			isa = XCBuildConfiguration;
			buildSettings = {
				ALWAYS_SEARCH_USER_PATHS = NO;
				CLANG_ANALYZER_NONNULL = YES;
				CLANG_ANALYZER_NUMBER_OBJECT_CONVERSION = YES_AGGRESSIVE;
				CLANG_CXX_LANGUAGE_STANDARD = "gnu++20";
				CLANG_ENABLE_MODULES = YES;
				CLANG_ENABLE_OBJC_ARC = YES;
				CLANG_ENABLE_OBJC_WEAK = YES;
				CLANG_WARN_BLOCK_CAPTURE_AUTORELEASING = YES;
				CLANG_WARN_BOOL_CONVERSION = YES;
				CLANG_WARN_COMMA = YES;
				CLANG_WARN_CONSTANT_CONVERSION = YES;
				CLANG_WARN_DEPRECATED_OBJC_IMPLEMENTATIONS = YES;
				CLANG_WARN_DIRECT_OBJC_ISA_USAGE = YES_ERROR;
				CLANG_WARN_DOCUMENTATION_COMMENTS = YES;
				CLANG_WARN_EMPTY_BODY = YES;
				CLANG_WARN_ENUM_CONVERSION = YES;
				CLANG_WARN_INFINITE_RECURSION = YES;
				CLANG_WARN_INT_CONVERSION = YES;
				CLANG_WARN_NON_LITERAL_NULL_CONVERSION = YES;
				CLANG_WARN_OBJC_IMPLICIT_RETAIN_SELF = YES;
				CLANG_WARN_OBJC_LITERAL_CONVERSION = YES;
				CLANG_WARN_OBJC_ROOT_CLASS = YES_ERROR;
				CLANG_WARN_QUOTED_INCLUDE_IN_FRAMEWORK_HEADER = YES;
				CLANG_WARN_RANGE_LOOP_ANALYSIS = YES;
				CLANG_WARN_STRICT_PROTOTYPES = YES;
				CLANG_WARN_SUSPICIOUS_MOVE = YES;
				CLANG_WARN_UNGUARDED_AVAILABILITY = YES_AGGRESSIVE;
				CLANG_WARN_UNREACHABLE_CODE = YES;
				CLANG_WARN__DUPLICATE_METHOD_MATCH = YES;
				COPY_PHASE_STRIP = NO;
				DEBUG_INFORMATION_FORMAT = dwarf;
				ENABLE_STRICT_OBJC_MSGSEND = YES;
				ENABLE_TESTABILITY = YES;
				GCC_C_LANGUAGE_STANDARD = gnu11;
				GCC_DYNAMIC_NO_PIC = NO;
				GCC_NO_COMMON_BLOCKS = YES;
				GCC_OPTIMIZATION_LEVEL = 0;
				GCC_PREPROCESSOR_DEFINITIONS = (
					"DEBUG=1",
					"$(inherited)",
				);
				GCC_WARN_64_TO_32_BIT_CONVERSION = YES;
				GCC_WARN_ABOUT_RETURN_TYPE = YES_ERROR;
				GCC_WARN_UNDECLARED_SELECTOR = YES;
				GCC_WARN_UNINITIALIZED_AUTOS = YES_AGGRESSIVE;
				GCC_WARN_UNUSED_FUNCTION = YES;
				GCC_WARN_UNUSED_VARIABLE = YES;
				IPHONEOS_DEPLOYMENT_TARGET = 16.0;
				MTL_ENABLE_DEBUG_INFO = INCLUDE_SOURCE;
				MTL_FAST_MATH = YES;
				ONLY_ACTIVE_ARCH = YES;
				SDKROOT = iphoneos;
				SWIFT_ACTIVE_COMPILATION_CONDITIONS = DEBUG;
				SWIFT_OPTIMIZATION_LEVEL = "-Onone";
			};
			name = Debug;
		};
		604A3981294A1165009F5175 /* Release */ = {
			isa = XCBuildConfiguration;
			buildSettings = {
				ALWAYS_SEARCH_USER_PATHS = NO;
				CLANG_ANALYZER_NONNULL = YES;
				CLANG_ANALYZER_NUMBER_OBJECT_CONVERSION = YES_AGGRESSIVE;
				CLANG_CXX_LANGUAGE_STANDARD = "gnu++20";
				CLANG_ENABLE_MODULES = YES;
				CLANG_ENABLE_OBJC_ARC = YES;
				CLANG_ENABLE_OBJC_WEAK = YES;
				CLANG_WARN_BLOCK_CAPTURE_AUTORELEASING = YES;
				CLANG_WARN_BOOL_CONVERSION = YES;
				CLANG_WARN_COMMA = YES;
				CLANG_WARN_CONSTANT_CONVERSION = YES;
				CLANG_WARN_DEPRECATED_OBJC_IMPLEMENTATIONS = YES;
				CLANG_WARN_DIRECT_OBJC_ISA_USAGE = YES_ERROR;
				CLANG_WARN_DOCUMENTATION_COMMENTS = YES;
				CLANG_WARN_EMPTY_BODY = YES;
				CLANG_WARN_ENUM_CONVERSION = YES;
				CLANG_WARN_INFINITE_RECURSION = YES;
				CLANG_WARN_INT_CONVERSION = YES;
				CLANG_WARN_NON_LITERAL_NULL_CONVERSION = YES;
				CLANG_WARN_OBJC_IMPLICIT_RETAIN_SELF = YES;
				CLANG_WARN_OBJC_LITERAL_CONVERSION = YES;
				CLANG_WARN_OBJC_ROOT_CLASS = YES_ERROR;
				CLANG_WARN_QUOTED_INCLUDE_IN_FRAMEWORK_HEADER = YES;
				CLANG_WARN_RANGE_LOOP_ANALYSIS = YES;
				CLANG_WARN_STRICT_PROTOTYPES = YES;
				CLANG_WARN_SUSPICIOUS_MOVE = YES;
				CLANG_WARN_UNGUARDED_AVAILABILITY = YES_AGGRESSIVE;
				CLANG_WARN_UNREACHABLE_CODE = YES;
				CLANG_WARN__DUPLICATE_METHOD_MATCH = YES;
				COPY_PHASE_STRIP = NO;
				DEBUG_INFORMATION_FORMAT = "dwarf-with-dsym";
				ENABLE_NS_ASSERTIONS = NO;
				ENABLE_STRICT_OBJC_MSGSEND = YES;
				GCC_C_LANGUAGE_STANDARD = gnu11;
				GCC_NO_COMMON_BLOCKS = YES;
				GCC_WARN_64_TO_32_BIT_CONVERSION = YES;
				GCC_WARN_ABOUT_RETURN_TYPE = YES_ERROR;
				GCC_WARN_UNDECLARED_SELECTOR = YES;
				GCC_WARN_UNINITIALIZED_AUTOS = YES_AGGRESSIVE;
				GCC_WARN_UNUSED_FUNCTION = YES;
				GCC_WARN_UNUSED_VARIABLE = YES;
				IPHONEOS_DEPLOYMENT_TARGET = 16.0;
				MTL_ENABLE_DEBUG_INFO = NO;
				MTL_FAST_MATH = YES;
				SDKROOT = iphoneos;
				SWIFT_COMPILATION_MODE = wholemodule;
				SWIFT_OPTIMIZATION_LEVEL = "-O";
				VALIDATE_PRODUCT = YES;
			};
			name = Release;
		};
		604A3983294A1165009F5175 /* Debug */ = {
			isa = XCBuildConfiguration;
			baseConfigurationReference = AEC5E75543C3B2897DABA01B /* Pods-task-manager.debug.xcconfig */;
			buildSettings = {
				ASSETCATALOG_COMPILER_APPICON_NAME = AppIcon;
				ASSETCATALOG_COMPILER_GLOBAL_ACCENT_COLOR_NAME = AccentColor;
				CODE_SIGN_STYLE = Automatic;
				CURRENT_PROJECT_VERSION = 1;
				DEVELOPMENT_TEAM = K8M5FXDJPU;
				GENERATE_INFOPLIST_FILE = YES;
				INFOPLIST_FILE = "task-manager/Info.plist";
				INFOPLIST_KEY_UIApplicationSupportsIndirectInputEvents = YES;
				INFOPLIST_KEY_UILaunchStoryboardName = LaunchScreen;
				INFOPLIST_KEY_UIMainStoryboardFile = Main;
				INFOPLIST_KEY_UISupportedInterfaceOrientations_iPad = "UIInterfaceOrientationPortrait UIInterfaceOrientationPortraitUpsideDown UIInterfaceOrientationLandscapeLeft UIInterfaceOrientationLandscapeRight";
				INFOPLIST_KEY_UISupportedInterfaceOrientations_iPhone = "UIInterfaceOrientationPortrait UIInterfaceOrientationLandscapeLeft UIInterfaceOrientationLandscapeRight";
				LD_RUNPATH_SEARCH_PATHS = (
					"$(inherited)",
					"@executable_path/Frameworks",
				);
				MARKETING_VERSION = 1.0;
				PRODUCT_BUNDLE_IDENTIFIER = "com.shifu.task-manager";
				PRODUCT_NAME = "$(TARGET_NAME)";
				SWIFT_EMIT_LOC_STRINGS = YES;
				SWIFT_VERSION = 5.0;
				TARGETED_DEVICE_FAMILY = "1,2";
			};
			name = Debug;
		};
		604A3984294A1165009F5175 /* Release */ = {
			isa = XCBuildConfiguration;
			baseConfigurationReference = C22BE1AAB3E4C89E3E4108CD /* Pods-task-manager.release.xcconfig */;
			buildSettings = {
				ASSETCATALOG_COMPILER_APPICON_NAME = AppIcon;
				ASSETCATALOG_COMPILER_GLOBAL_ACCENT_COLOR_NAME = AccentColor;
				CODE_SIGN_STYLE = Automatic;
				CURRENT_PROJECT_VERSION = 1;
				DEVELOPMENT_TEAM = K8M5FXDJPU;
				GENERATE_INFOPLIST_FILE = YES;
				INFOPLIST_FILE = "task-manager/Info.plist";
				INFOPLIST_KEY_UIApplicationSupportsIndirectInputEvents = YES;
				INFOPLIST_KEY_UILaunchStoryboardName = LaunchScreen;
				INFOPLIST_KEY_UIMainStoryboardFile = Main;
				INFOPLIST_KEY_UISupportedInterfaceOrientations_iPad = "UIInterfaceOrientationPortrait UIInterfaceOrientationPortraitUpsideDown UIInterfaceOrientationLandscapeLeft UIInterfaceOrientationLandscapeRight";
				INFOPLIST_KEY_UISupportedInterfaceOrientations_iPhone = "UIInterfaceOrientationPortrait UIInterfaceOrientationLandscapeLeft UIInterfaceOrientationLandscapeRight";
				LD_RUNPATH_SEARCH_PATHS = (
					"$(inherited)",
					"@executable_path/Frameworks",
				);
				MARKETING_VERSION = 1.0;
				PRODUCT_BUNDLE_IDENTIFIER = "com.shifu.task-manager";
				PRODUCT_NAME = "$(TARGET_NAME)";
				SWIFT_EMIT_LOC_STRINGS = YES;
				SWIFT_VERSION = 5.0;
				TARGETED_DEVICE_FAMILY = "1,2";
			};
			name = Release;
		};
/* End XCBuildConfiguration section */

/* Begin XCConfigurationList section */
		604A3969294A1165009F5175 /* Build configuration list for PBXProject "task-manager" */ = {
			isa = XCConfigurationList;
			buildConfigurations = (
				604A3980294A1165009F5175 /* Debug */,
				604A3981294A1165009F5175 /* Release */,
			);
			defaultConfigurationIsVisible = 0;
			defaultConfigurationName = Release;
		};
		604A3982294A1165009F5175 /* Build configuration list for PBXNativeTarget "task-manager" */ = {
			isa = XCConfigurationList;
			buildConfigurations = (
				604A3983294A1165009F5175 /* Debug */,
				604A3984294A1165009F5175 /* Release */,
			);
			defaultConfigurationIsVisible = 0;
			defaultConfigurationName = Release;
		};
/* End XCConfigurationList section */
	};
	rootObject = 604A3966294A1165009F5175 /* Project object */;
}
